
Microsoft Visual Studio Solution File, Format Version 12.00
Project("{FAE04EC0-301F-11D3-BF4B-00C04F79EFBC}") = "Labo 06", "Labo 06\Labo 06.csproj", "{C9391C1C-0D05-412F-B596-7B5709E347AA}"
EndProject
Global
	GlobalSection(SolutionConfigurationPlatforms) = preSolution
		Debug|Any CPU = Debug|Any CPU
		Release|Any CPU = Release|Any CPU
	EndGlobalSection
	GlobalSection(ProjectConfigurationPlatforms) = postSolution
		{C9391C1C-0D05-412F-B596-7B5709E347AA}.Debug|Any CPU.ActiveCfg = Debug|Any CPU
		{C9391C1C-0D05-412F-B596-7B5709E347AA}.Debug|Any CPU.Build.0 = Debug|Any CPU
		{C9391C1C-0D05-412F-B596-7B5709E347AA}.Release|Any CPU.ActiveCfg = Release|Any CPU
		{C9391C1C-0D05-412F-B596-7B5709E347AA}.Release|Any CPU.Build.0 = Release|Any CPU
	EndGlobalSection
EndGlobal
