
Microsoft Visual Studio Solution File, Format Version 12.00
Project("{FAE04EC0-301F-11D3-BF4B-00C04F79EFBC}") = "Labo 07", "Labo 07.csproj", "{2DD3020F-807F-4BA9-85B3-E46CF9F7F6BE}"
EndProject
Global
	GlobalSection(SolutionConfigurationPlatforms) = preSolution
		Debug|Any CPU = Debug|Any CPU
		Release|Any CPU = Release|Any CPU
	EndGlobalSection
	GlobalSection(ProjectConfigurationPlatforms) = postSolution
		{2DD3020F-807F-4BA9-85B3-E46CF9F7F6BE}.Debug|Any CPU.ActiveCfg = Debug|Any CPU
		{2DD3020F-807F-4BA9-85B3-E46CF9F7F6BE}.Debug|Any CPU.Build.0 = Debug|Any CPU
		{2DD3020F-807F-4BA9-85B3-E46CF9F7F6BE}.Release|Any CPU.ActiveCfg = Release|Any CPU
		{2DD3020F-807F-4BA9-85B3-E46CF9F7F6BE}.Release|Any CPU.Build.0 = Release|Any CPU
	EndGlobalSection
EndGlobal
