
Microsoft Visual Studio Solution File, Format Version 12.00
Project("{FAE04EC0-301F-11D3-BF4B-00C04F79EFBC}") = "Ejercicio 03", "Ejercicio 03\Ejercicio 03.csproj", "{5B0E2E8B-DD24-4255-8030-8CCA9260AD80}"
EndProject
Global
	GlobalSection(SolutionConfigurationPlatforms) = preSolution
		Debug|Any CPU = Debug|Any CPU
		Release|Any CPU = Release|Any CPU
	EndGlobalSection
	GlobalSection(ProjectConfigurationPlatforms) = postSolution
		{5B0E2E8B-DD24-4255-8030-8CCA9260AD80}.Debug|Any CPU.ActiveCfg = Debug|Any CPU
		{5B0E2E8B-DD24-4255-8030-8CCA9260AD80}.Debug|Any CPU.Build.0 = Debug|Any CPU
		{5B0E2E8B-DD24-4255-8030-8CCA9260AD80}.Release|Any CPU.ActiveCfg = Release|Any CPU
		{5B0E2E8B-DD24-4255-8030-8CCA9260AD80}.Release|Any CPU.Build.0 = Release|Any CPU
	EndGlobalSection
EndGlobal
